
Microsoft Visual Studio Solution File, Format Version 12.00
# Visual Studio Version 16
VisualStudioVersion = 16.0.30309.148
MinimumVisualStudioVersion = 10.0.40219.1
Project("{9A19103F-16F7-4668-BE54-9A1E7A4F7556}") = "WebJobApp", "WebJobApp\WebJobApp.csproj", "{48AB10BE-0E2A-4570-AB17-A2BD076BF8D0}"
EndProject
Project("{9A19103F-16F7-4668-BE54-9A1E7A4F7556}") = "APIService", "APIService\APIService.csproj", "{CA00D5F1-8A88-4F3A-9CB0-49022DFA8D68}"
	ProjectSection(ProjectDependencies) = postProject
		{F684708A-C71E-4ABF-BE8C-25DF3C6D459F} = {F684708A-C71E-4ABF-BE8C-25DF3C6D459F}
	EndProjectSection
EndProject
Project("{9A19103F-16F7-4668-BE54-9A1E7A4F7556}") = "AzureClient", "AzureClient\AzureClient.csproj", "{F684708A-C71E-4ABF-BE8C-25DF3C6D459F}"
EndProject
Global
	GlobalSection(SolutionConfigurationPlatforms) = preSolution
		Debug|Any CPU = Debug|Any CPU
		Release|Any CPU = Release|Any CPU
	EndGlobalSection
	GlobalSection(ProjectConfigurationPlatforms) = postSolution
		{48AB10BE-0E2A-4570-AB17-A2BD076BF8D0}.Debug|Any CPU.ActiveCfg = Debug|Any CPU
		{48AB10BE-0E2A-4570-AB17-A2BD076BF8D0}.Debug|Any CPU.Build.0 = Debug|Any CPU
		{48AB10BE-0E2A-4570-AB17-A2BD076BF8D0}.Release|Any CPU.ActiveCfg = Release|Any CPU
		{48AB10BE-0E2A-4570-AB17-A2BD076BF8D0}.Release|Any CPU.Build.0 = Release|Any CPU
		{CA00D5F1-8A88-4F3A-9CB0-49022DFA8D68}.Debug|Any CPU.ActiveCfg = Debug|Any CPU
		{CA00D5F1-8A88-4F3A-9CB0-49022DFA8D68}.Debug|Any CPU.Build.0 = Debug|Any CPU
		{CA00D5F1-8A88-4F3A-9CB0-49022DFA8D68}.Release|Any CPU.ActiveCfg = Release|Any CPU
		{CA00D5F1-8A88-4F3A-9CB0-49022DFA8D68}.Release|Any CPU.Build.0 = Release|Any CPU
		{F684708A-C71E-4ABF-BE8C-25DF3C6D459F}.Debug|Any CPU.ActiveCfg = Debug|Any CPU
		{F684708A-C71E-4ABF-BE8C-25DF3C6D459F}.Debug|Any CPU.Build.0 = Debug|Any CPU
		{F684708A-C71E-4ABF-BE8C-25DF3C6D459F}.Release|Any CPU.ActiveCfg = Release|Any CPU
		{F684708A-C71E-4ABF-BE8C-25DF3C6D459F}.Release|Any CPU.Build.0 = Release|Any CPU
	EndGlobalSection
	GlobalSection(SolutionProperties) = preSolution
		HideSolutionNode = FALSE
	EndGlobalSection
	GlobalSection(ExtensibilityGlobals) = postSolution
		SolutionGuid = {1BC95CA3-3E70-4E15-91CD-426544B147F5}
	EndGlobalSection
EndGlobal
